{
  "name": "russian_interference",
  "version": "1.0.0",
  "lockfileVersion": 1,
  "requires": true,
  "dependencies": {
    "countup": {
      "version": "1.8.2",
      "resolved": "https://registry.npmjs.org/countup/-/countup-1.8.2.tgz",
      "integrity": "sha1-AhzMam+WRUDGsn7WRoGvJ/tV8BA="
    },
    "countup.js": {
      "version": "2.0.4",
      "resolved": "https://registry.npmjs.org/countup.js/-/countup.js-2.0.4.tgz",
      "integrity": "sha512-fb691q1Zo0UqVCsBJU1Q38hGkTHEz3GibaugY5mi67ATYdPQymMmeq9XM0HIT4ow0hLSvUNh6xEEwauLxJ85Aw=="
    },
    "d3-cloud": {
      "version": "1.2.5",
      "resolved": "https://registry.npmjs.org/d3-cloud/-/d3-cloud-1.2.5.tgz",
      "integrity": "sha512-4s2hXZgvs0CoUIw31oBAGrHt9Kt/7P9Ik5HIVzISFiWkD0Ga2VLAuO/emO/z1tYIpE7KG2smB4PhMPfFMJpahw==",
      "requires": {
        "d3-dispatch": "^1.0.3"
      }
    },
    "d3-dispatch": {
      "version": "1.0.6",
      "resolved": "https://registry.npmjs.org/d3-dispatch/-/d3-dispatch-1.0.6.tgz",
      "integrity": "sha512-fVjoElzjhCEy+Hbn8KygnmMS7Or0a9sI2UzGwoB7cCtvI1XpVN9GpoYlnb3xt2YV66oXYb1fLJ8GMvP4hdU1RA=="
    },
    "jquery": {
      "version": "3.4.1",
      "resolved": "https://registry.npmjs.org/jquery/-/jquery-3.4.1.tgz",
      "integrity": "sha512-36+AdBzCL+y6qjw5Tx7HgzeGCzC81MDDgaUP8ld2zhx58HdqXGoBd+tHdrBMiyjGQs0Hxs/MLZTu/eHNJJuWPw=="
    },
    "waypoints": {
      "version": "4.0.1",
      "resolved": "https://registry.npmjs.org/waypoints/-/waypoints-4.0.1.tgz",
      "integrity": "sha1-CZeaBXOBCylifLpDZqKEoGLsacg="
    }
  }
}
